// !$*UTF8*$!
{
	archiveVersion = 1;
	classes = {
	};
	objectVersion = 46;
	objects = {

/* Begin PBXBuildFile section */
		17BA3F1E1959FA9A00C6B8C7 /* Foundation.framework in Frameworks */ = {isa = PBXBuildFile; fileRef = 17BA3F1D1959FA9A00C6B8C7 /* Foundation.framework */; };
		17BA3F201959FA9A00C6B8C7 /* CoreGraphics.framework in Frameworks */ = {isa = PBXBuildFile; fileRef = 17BA3F1F1959FA9A00C6B8C7 /* CoreGraphics.framework */; };
		17BA3F221959FA9A00C6B8C7 /* UIKit.framework in Frameworks */ = {isa = PBXBuildFile; fileRef = 17BA3F211959FA9A00C6B8C7 /* UIKit.framework */; };
		17BA3F281959FA9A00C6B8C7 /* InfoPlist.strings in Resources */ = {isa = PBXBuildFile; fileRef = 17BA3F261959FA9A00C6B8C7 /* InfoPlist.strings */; };
		17BA3F2A1959FA9A00C6B8C7 /* main.m in Sources */ = {isa = PBXBuildFile; fileRef = 17BA3F291959FA9A00C6B8C7 /* main.m */; };
		17BA3F2E1959FA9A00C6B8C7 /* testAppDelegate.m in Sources */ = {isa = PBXBuildFile; fileRef = 17BA3F2D1959FA9A00C6B8C7 /* testAppDelegate.m */; };
		17BA3F301959FA9A00C6B8C7 /* Images.xcassets in Resources */ = {isa = PBXBuildFile; fileRef = 17BA3F2F1959FA9A00C6B8C7 /* Images.xcassets */; };
		17BA3F371959FA9A00C6B8C7 /* XCTest.framework in Frameworks */ = {isa = PBXBuildFile; fileRef = 17BA3F361959FA9A00C6B8C7 /* XCTest.framework */; };
		17BA3F381959FA9A00C6B8C7 /* Foundation.framework in Frameworks */ = {isa = PBXBuildFile; fileRef = 17BA3F1D1959FA9A00C6B8C7 /* Foundation.framework */; };
		17BA3F391959FA9A00C6B8C7 /* UIKit.framework in Frameworks */ = {isa = PBXBuildFile; fileRef = 17BA3F211959FA9A00C6B8C7 /* UIKit.framework */; };
		17BA3F411959FA9A00C6B8C7 /* InfoPlist.strings in Resources */ = {isa = PBXBuildFile; fileRef = 17BA3F3F1959FA9A00C6B8C7 /* InfoPlist.strings */; };
		17BA3F431959FA9A00C6B8C7 /* twitterClientTests.m in Sources */ = {isa = PBXBuildFile; fileRef = 17BA3F421959FA9A00C6B8C7 /* twitterClientTests.m */; };
/* End PBXBuildFile section */

/* Begin PBXContainerItemProxy section */
		17BA3F3A1959FA9A00C6B8C7 /* PBXContainerItemProxy */ = {
			isa = PBXContainerItemProxy;
			containerPortal = 17BA3F121959FA9900C6B8C7 /* Project object */;
			proxyType = 1;
			remoteGlobalIDString = 17BA3F191959FA9A00C6B8C7;
			remoteInfo = twitterClient;
		};
/* End PBXContainerItemProxy section */

/* Begin PBXFileReference section */
		17BA3F1A1959FA9A00C6B8C7 /* twitterClient.app */ = {isa = PBXFileReference; explicitFileType = wrapper.application; includeInIndex = 0; path = twitterClient.app; sourceTree = BUILT_PRODUCTS_DIR; };
		17BA3F1D1959FA9A00C6B8C7 /* Foundation.framework */ = {isa = PBXFileReference; lastKnownFileType = wrapper.framework; name = Foundation.framework; path = System/Library/Frameworks/Foundation.framework; sourceTree = SDKROOT; };
		17BA3F1F1959FA9A00C6B8C7 /* CoreGraphics.framework */ = {isa = PBXFileReference; lastKnownFileType = wrapper.framework; name = CoreGraphics.framework; path = System/Library/Frameworks/CoreGraphics.framework; sourceTree = SDKROOT; };
		17BA3F211959FA9A00C6B8C7 /* UIKit.framework */ = {isa = PBXFileReference; lastKnownFileType = wrapper.framework; name = UIKit.framework; path = System/Library/Frameworks/UIKit.framework; sourceTree = SDKROOT; };
		17BA3F251959FA9A00C6B8C7 /* twitterClient-Info.plist */ = {isa = PBXFileReference; lastKnownFileType = text.plist.xml; path = "twitterClient-Info.plist"; sourceTree = "<group>"; };
		17BA3F271959FA9A00C6B8C7 /* en */ = {isa = PBXFileReference; lastKnownFileType = text.plist.strings; name = en; path = en.lproj/InfoPlist.strings; sourceTree = "<group>"; };
		17BA3F291959FA9A00C6B8C7 /* main.m */ = {isa = PBXFileReference; lastKnownFileType = sourcecode.c.objc; path = main.m; sourceTree = "<group>"; };
		17BA3F2B1959FA9A00C6B8C7 /* twitterClient-Prefix.pch */ = {isa = PBXFileReference; lastKnownFileType = sourcecode.c.h; path = "twitterClient-Prefix.pch"; sourceTree = "<group>"; };
		17BA3F2C1959FA9A00C6B8C7 /* testAppDelegate.h */ = {isa = PBXFileReference; lastKnownFileType = sourcecode.c.h; path = testAppDelegate.h; sourceTree = "<group>"; };
		17BA3F2D1959FA9A00C6B8C7 /* testAppDelegate.m */ = {isa = PBXFileReference; lastKnownFileType = sourcecode.c.objc; path = testAppDelegate.m; sourceTree = "<group>"; };
		17BA3F2F1959FA9A00C6B8C7 /* Images.xcassets */ = {isa = PBXFileReference; lastKnownFileType = folder.assetcatalog; path = Images.xcassets; sourceTree = "<group>"; };
		17BA3F351959FA9A00C6B8C7 /* twitterClientTests.xctest */ = {isa = PBXFileReference; explicitFileType = wrapper.cfbundle; includeInIndex = 0; path = twitterClientTests.xctest; sourceTree = BUILT_PRODUCTS_DIR; };
		17BA3F361959FA9A00C6B8C7 /* XCTest.framework */ = {isa = PBXFileReference; lastKnownFileType = wrapper.framework; name = XCTest.framework; path = Library/Frameworks/XCTest.framework; sourceTree = DEVELOPER_DIR; };
		17BA3F3E1959FA9A00C6B8C7 /* twitterClientTests-Info.plist */ = {isa = PBXFileReference; lastKnownFileType = text.plist.xml; path = "twitterClientTests-Info.plist"; sourceTree = "<group>"; };
		17BA3F401959FA9A00C6B8C7 /* en */ = {isa = PBXFileReference; lastKnownFileType = text.plist.strings; name = en; path = en.lproj/InfoPlist.strings; sourceTree = "<group>"; };
		17BA3F421959FA9A00C6B8C7 /* twitterClientTests.m */ = {isa = PBXFileReference; lastKnownFileType = sourcecode.c.objc; path = twitterClientTests.m; sourceTree = "<group>"; };
/* End PBXFileReference section */

/* Begin PBXFrameworksBuildPhase section */
		17BA3F171959FA9A00C6B8C7 /* Frameworks */ = {
			isa = PBXFrameworksBuildPhase;
			buildActionMask = 2147483647;
			files = (
				17BA3F201959FA9A00C6B8C7 /* CoreGraphics.framework in Frameworks */,
				17BA3F221959FA9A00C6B8C7 /* UIKit.framework in Frameworks */,
				17BA3F1E1959FA9A00C6B8C7 /* Foundation.framework in Frameworks */,
			);
			runOnlyForDeploymentPostprocessing = 0;
		};
		17BA3F321959FA9A00C6B8C7 /* Frameworks */ = {
			isa = PBXFrameworksBuildPhase;
			buildActionMask = 2147483647;
			files = (
				17BA3F371959FA9A00C6B8C7 /* XCTest.framework in Frameworks */,
				17BA3F391959FA9A00C6B8C7 /* UIKit.framework in Frameworks */,
				17BA3F381959FA9A00C6B8C7 /* Foundation.framework in Frameworks */,
			);
			runOnlyForDeploymentPostprocessing = 0;
		};
/* End PBXFrameworksBuildPhase section */

/* Begin PBXGroup section */
		17BA3F111959FA9900C6B8C7 = {
			isa = PBXGroup;
			children = (
				17BA3F231959FA9A00C6B8C7 /* twitterClient */,
				17BA3F3C1959FA9A00C6B8C7 /* twitterClientTests */,
				17BA3F1C1959FA9A00C6B8C7 /* Frameworks */,
				17BA3F1B1959FA9A00C6B8C7 /* Products */,
			);
			sourceTree = "<group>";
		};
		17BA3F1B1959FA9A00C6B8C7 /* Products */ = {
			isa = PBXGroup;
			children = (
				17BA3F1A1959FA9A00C6B8C7 /* twitterClient.app */,
				17BA3F351959FA9A00C6B8C7 /* twitterClientTests.xctest */,
			);
			name = Products;
			sourceTree = "<group>";
		};
		17BA3F1C1959FA9A00C6B8C7 /* Frameworks */ = {
			isa = PBXGroup;
			children = (
				17BA3F1D1959FA9A00C6B8C7 /* Foundation.framework */,
				17BA3F1F1959FA9A00C6B8C7 /* CoreGraphics.framework */,
				17BA3F211959FA9A00C6B8C7 /* UIKit.framework */,
				17BA3F361959FA9A00C6B8C7 /* XCTest.framework */,
			);
			name = Frameworks;
			sourceTree = "<group>";
		};
		17BA3F231959FA9A00C6B8C7 /* twitterClient */ = {
			isa = PBXGroup;
			children = (
				17BA3F2C1959FA9A00C6B8C7 /* testAppDelegate.h */,
				17BA3F2D1959FA9A00C6B8C7 /* testAppDelegate.m */,
				17BA3F2F1959FA9A00C6B8C7 /* Images.xcassets */,
				17BA3F241959FA9A00C6B8C7 /* Supporting Files */,
			);
			path = twitterClient;
			sourceTree = "<group>";
		};
		17BA3F241959FA9A00C6B8C7 /* Supporting Files */ = {
			isa = PBXGroup;
			children = (
				17BA3F251959FA9A00C6B8C7 /* twitterClient-Info.plist */,
				17BA3F261959FA9A00C6B8C7 /* InfoPlist.strings */,
				17BA3F291959FA9A00C6B8C7 /* main.m */,
				17BA3F2B1959FA9A00C6B8C7 /* twitterClient-Prefix.pch */,
			);
			name = "Supporting Files";
			sourceTree = "<group>";
		};
		17BA3F3C1959FA9A00C6B8C7 /* twitterClientTests */ = {
			isa = PBXGroup;
			children = (
				17BA3F421959FA9A00C6B8C7 /* twitterClientTests.m */,
				17BA3F3D1959FA9A00C6B8C7 /* Supporting Files */,
			);
			path = twitterClientTests;
			sourceTree = "<group>";
		};
		17BA3F3D1959FA9A00C6B8C7 /* Supporting Files */ = {
			isa = PBXGroup;
			children = (
				17BA3F3E1959FA9A00C6B8C7 /* twitterClientTests-Info.plist */,
				17BA3F3F1959FA9A00C6B8C7 /* InfoPlist.strings */,
			);
			name = "Supporting Files";
			sourceTree = "<group>";
		};
/* End PBXGroup section */

/* Begin PBXNativeTarget section */
		17BA3F191959FA9A00C6B8C7 /* twitterClient */ = {
			isa = PBXNativeTarget;
			buildConfigurationList = 17BA3F461959FA9A00C6B8C7 /* Build configuration list for PBXNativeTarget "twitterClient" */;
			buildPhases = (
				17BA3F161959FA9A00C6B8C7 /* Sources */,
				17BA3F171959FA9A00C6B8C7 /* Frameworks */,
				17BA3F181959FA9A00C6B8C7 /* Resources */,
			);
			buildRules = (
			);
			dependencies = (
			);
			name = twitterClient;
			productName = twitterClient;
			productReference = 17BA3F1A1959FA9A00C6B8C7 /* twitterClient.app */;
			productType = "com.apple.product-type.application";
		};
		17BA3F341959FA9A00C6B8C7 /* twitterClientTests */ = {
			isa = PBXNativeTarget;
			buildConfigurationList = 17BA3F491959FA9A00C6B8C7 /* Build configuration list for PBXNativeTarget "twitterClientTests" */;
			buildPhases = (
				17BA3F311959FA9A00C6B8C7 /* Sources */,
				17BA3F321959FA9A00C6B8C7 /* Frameworks */,
				17BA3F331959FA9A00C6B8C7 /* Resources */,
			);
			buildRules = (
			);
			dependencies = (
				17BA3F3B1959FA9A00C6B8C7 /* PBXTargetDependency */,
			);
			name = twitterClientTests;
			productName = twitterClientTests;
			productReference = 17BA3F351959FA9A00C6B8C7 /* twitterClientTests.xctest */;
			productType = "com.apple.product-type.bundle.unit-test";
		};
/* End PBXNativeTarget section */

/* Begin PBXProject section */
		17BA3F121959FA9900C6B8C7 /* Project object */ = {
			isa = PBXProject;
			attributes = {
				CLASSPREFIX = test;
				LastUpgradeCheck = 0510;
				ORGANIZATIONNAME = "onor inc";
				TargetAttributes = {
					17BA3F341959FA9A00C6B8C7 = {
						TestTargetID = 17BA3F191959FA9A00C6B8C7;
					};
				};
			};
			buildConfigurationList = 17BA3F151959FA9900C6B8C7 /* Build configuration list for PBXProject "twitterClient" */;
			compatibilityVersion = "Xcode 3.2";
			developmentRegion = English;
			hasScannedForEncodings = 0;
			knownRegions = (
				en,
			);
			mainGroup = 17BA3F111959FA9900C6B8C7;
			productRefGroup = 17BA3F1B1959FA9A00C6B8C7 /* Products */;
			projectDirPath = "";
			projectRoot = "";
			targets = (
				17BA3F191959FA9A00C6B8C7 /* twitterClient */,
				17BA3F341959FA9A00C6B8C7 /* twitterClientTests */,
			);
		};
/* End PBXProject section */

/* Begin PBXResourcesBuildPhase section */
		17BA3F181959FA9A00C6B8C7 /* Resources */ = {
			isa = PBXResourcesBuildPhase;
			buildActionMask = 2147483647;
			files = (
				17BA3F281959FA9A00C6B8C7 /* InfoPlist.strings in Resources */,
				17BA3F301959FA9A00C6B8C7 /* Images.xcassets in Resources */,
			);
			runOnlyForDeploymentPostprocessing = 0;
		};
		17BA3F331959FA9A00C6B8C7 /* Resources */ = {
			isa = PBXResourcesBuildPhase;
			buildActionMask = 2147483647;
			files = (
				17BA3F411959FA9A00C6B8C7 /* InfoPlist.strings in Resources */,
			);
			runOnlyForDeploymentPostprocessing = 0;
		};
/* End PBXResourcesBuildPhase section */

/* Begin PBXSourcesBuildPhase section */
		17BA3F161959FA9A00C6B8C7 /* Sources */ = {
			isa = PBXSourcesBuildPhase;
			buildActionMask = 2147483647;
			files = (
				17BA3F2E1959FA9A00C6B8C7 /* testAppDelegate.m in Sources */,
				17BA3F2A1959FA9A00C6B8C7 /* main.m in Sources */,
			);
			runOnlyForDeploymentPostprocessing = 0;
		};
		17BA3F311959FA9A00C6B8C7 /* Sources */ = {
			isa = PBXSourcesBuildPhase;
			buildActionMask = 2147483647;
			files = (
				17BA3F431959FA9A00C6B8C7 /* twitterClientTests.m in Sources */,
			);
			runOnlyForDeploymentPostprocessing = 0;
		};
/* End PBXSourcesBuildPhase section */

/* Begin PBXTargetDependency section */
		17BA3F3B1959FA9A00C6B8C7 /* PBXTargetDependency */ = {
			isa = PBXTargetDependency;
			target = 17BA3F191959FA9A00C6B8C7 /* twitterClient */;
			targetProxy = 17BA3F3A1959FA9A00C6B8C7 /* PBXContainerItemProxy */;
		};
/* End PBXTargetDependency section */

/* Begin PBXVariantGroup section */
		17BA3F261959FA9A00C6B8C7 /* InfoPlist.strings */ = {
			isa = PBXVariantGroup;
			children = (
				17BA3F271959FA9A00C6B8C7 /* en */,
			);
			name = InfoPlist.strings;
			sourceTree = "<group>";
		};
		17BA3F3F1959FA9A00C6B8C7 /* InfoPlist.strings */ = {
			isa = PBXVariantGroup;
			children = (
				17BA3F401959FA9A00C6B8C7 /* en */,
			);
			name = InfoPlist.strings;
			sourceTree = "<group>";
		};
/* End PBXVariantGroup section */

/* Begin XCBuildConfiguration section */
		17BA3F441959FA9A00C6B8C7 /* Debug */ = {
			isa = XCBuildConfiguration;
			buildSettings = {
				ALWAYS_SEARCH_USER_PATHS = NO;
				CLANG_CXX_LANGUAGE_STANDARD = "gnu++0x";
				CLANG_CXX_LIBRARY = "libc++";
				CLANG_ENABLE_MODULES = YES;
				CLANG_ENABLE_OBJC_ARC = YES;
				CLANG_WARN_BOOL_CONVERSION = YES;
				CLANG_WARN_CONSTANT_CONVERSION = YES;
				CLANG_WARN_DIRECT_OBJC_ISA_USAGE = YES_ERROR;
				CLANG_WARN_EMPTY_BODY = YES;
				CLANG_WARN_ENUM_CONVERSION = YES;
				CLANG_WARN_INT_CONVERSION = YES;
				CLANG_WARN_OBJC_ROOT_CLASS = YES_ERROR;
				CLANG_WARN__DUPLICATE_METHOD_MATCH = YES;
				"CODE_SIGN_IDENTITY[sdk=iphoneos*]" = "iPhone Developer";
				COPY_PHASE_STRIP = NO;
				GCC_C_LANGUAGE_STANDARD = gnu99;
				GCC_DYNAMIC_NO_PIC = NO;
				GCC_OPTIMIZATION_LEVEL = 0;
				GCC_PREPROCESSOR_DEFINITIONS = (
					"DEBUG=1",
					"$(inherited)",
				);
				GCC_SYMBOLS_PRIVATE_EXTERN = NO;
				GCC_WARN_64_TO_32_BIT_CONVERSION = YES;
				GCC_WARN_ABOUT_RETURN_TYPE = YES_ERROR;
				GCC_WARN_UNDECLARED_SELECTOR = YES;
				GCC_WARN_UNINITIALIZED_AUTOS = YES_AGGRESSIVE;
				GCC_WARN_UNUSED_FUNCTION = YES;
				GCC_WARN_UNUSED_VARIABLE = YES;
				IPHONEOS_DEPLOYMENT_TARGET = 7.1;
				ONLY_ACTIVE_ARCH = YES;
				SDKROOT = iphoneos;
			};
			name = Debug;
		};
		17BA3F451959FA9A00C6B8C7 /* Release */ = {
			isa = XCBuildConfiguration;
			buildSettings = {
				ALWAYS_SEARCH_USER_PATHS = NO;
				CLANG_CXX_LANGUAGE_STANDARD = "gnu++0x";
				CLANG_CXX_LIBRARY = "libc++";
				CLANG_ENABLE_MODULES = YES;
				CLANG_ENABLE_OBJC_ARC = YES;
				CLANG_WARN_BOOL_CONVERSION = YES;
				CLANG_WARN_CONSTANT_CONVERSION = YES;
				CLANG_WARN_DIRECT_OBJC_ISA_USAGE = YES_ERROR;
				CLANG_WARN_EMPTY_BODY = YES;
				CLANG_WARN_ENUM_CONVERSION = YES;
				CLANG_WARN_INT_CONVERSION = YES;
				CLANG_WARN_OBJC_ROOT_CLASS = YES_ERROR;
				CLANG_WARN__DUPLICATE_METHOD_MATCH = YES;
				"CODE_SIGN_IDENTITY[sdk=iphoneos*]" = "iPhone Developer";
				COPY_PHASE_STRIP = YES;
				ENABLE_NS_ASSERTIONS = NO;
				GCC_C_LANGUAGE_STANDARD = gnu99;
				GCC_WARN_64_TO_32_BIT_CONVERSION = YES;
				GCC_WARN_ABOUT_RETURN_TYPE = YES_ERROR;
				GCC_WARN_UNDECLARED_SELECTOR = YES;
				GCC_WARN_UNINITIALIZED_AUTOS = YES_AGGRESSIVE;
				GCC_WARN_UNUSED_FUNCTION = YES;
				GCC_WARN_UNUSED_VARIABLE = YES;
				IPHONEOS_DEPLOYMENT_TARGET = 7.1;
				SDKROOT = iphoneos;
				VALIDATE_PRODUCT = YES;
			};
			name = Release;
		};
		17BA3F471959FA9A00C6B8C7 /* Debug */ = {
			isa = XCBuildConfiguration;
			buildSettings = {
				ASSETCATALOG_COMPILER_APPICON_NAME = AppIcon;
				ASSETCATALOG_COMPILER_LAUNCHIMAGE_NAME = LaunchImage;
				GCC_PRECOMPILE_PREFIX_HEADER = YES;
				GCC_PREFIX_HEADER = "twitterClient/twitterClient-Prefix.pch";
				INFOPLIST_FILE = "twitterClient/twitterClient-Info.plist";
				PRODUCT_NAME = "$(TARGET_NAME)";
				WRAPPER_EXTENSION = app;
			};
			name = Debug;
		};
		17BA3F481959FA9A00C6B8C7 /* Release */ = {
			isa = XCBuildConfiguration;
			buildSettings = {
				ASSETCATALOG_COMPILER_APPICON_NAME = AppIcon;
				ASSETCATALOG_COMPILER_LAUNCHIMAGE_NAME = LaunchImage;
				GCC_PRECOMPILE_PREFIX_HEADER = YES;
				GCC_PREFIX_HEADER = "twitterClient/twitterClient-Prefix.pch";
				INFOPLIST_FILE = "twitterClient/twitterClient-Info.plist";
				PRODUCT_NAME = "$(TARGET_NAME)";
				WRAPPER_EXTENSION = app;
			};
			name = Release;
		};
		17BA3F4A1959FA9A00C6B8C7 /* Debug */ = {
			isa = XCBuildConfiguration;
			buildSettings = {
				BUNDLE_LOADER = "$(BUILT_PRODUCTS_DIR)/twitterClient.app/twitterClient";
				FRAMEWORK_SEARCH_PATHS = (
					"$(SDKROOT)/Developer/Library/Frameworks",
					"$(inherited)",
					"$(DEVELOPER_FRAMEWORKS_DIR)",
				);
				GCC_PRECOMPILE_PREFIX_HEADER = YES;
				GCC_PREFIX_HEADER = "twitterClient/twitterClient-Prefix.pch";
				GCC_PREPROCESSOR_DEFINITIONS = (
					"DEBUG=1",
					"$(inherited)",
				);
				INFOPLIST_FILE = "twitterClientTests/twitterClientTests-Info.plist";
				PRODUCT_NAME = "$(TARGET_NAME)";
				TEST_HOST = "$(BUNDLE_LOADER)";
				WRAPPER_EXTENSION = xctest;
			};
			name = Debug;
		};
		17BA3F4B1959FA9A00C6B8C7 /* Release */ = {
			isa = XCBuildConfiguration;
			buildSettings = {
				BUNDLE_LOADER = "$(BUILT_PRODUCTS_DIR)/twitterClient.app/twitterClient";
				FRAMEWORK_SEARCH_PATHS = (
					"$(SDKROOT)/Developer/Library/Frameworks",
					"$(inherited)",
					"$(DEVELOPER_FRAMEWORKS_DIR)",
				);
				GCC_PRECOMPILE_PREFIX_HEADER = YES;
				GCC_PREFIX_HEADER = "twitterClient/twitterClient-Prefix.pch";
				INFOPLIST_FILE = "twitterClientTests/twitterClientTests-Info.plist";
				PRODUCT_NAME = "$(TARGET_NAME)";
				TEST_HOST = "$(BUNDLE_LOADER)";
				WRAPPER_EXTENSION = xctest;
			};
			name = Release;
		};
/* End XCBuildConfiguration section */

/* Begin XCConfigurationList section */
		17BA3F151959FA9900C6B8C7 /* Build configuration list for PBXProject "twitterClient" */ = {
			isa = XCConfigurationList;
			buildConfigurations = (
				17BA3F441959FA9A00C6B8C7 /* Debug */,
				17BA3F451959FA9A00C6B8C7 /* Release */,
			);
			defaultConfigurationIsVisible = 0;
			defaultConfigurationName = Release;
		};
		17BA3F461959FA9A00C6B8C7 /* Build configuration list for PBXNativeTarget "twitterClient" */ = {
			isa = XCConfigurationList;
			buildConfigurations = (
				17BA3F471959FA9A00C6B8C7 /* Debug */,
				17BA3F481959FA9A00C6B8C7 /* Release */,
			);
			defaultConfigurationIsVisible = 0;
		};
		17BA3F491959FA9A00C6B8C7 /* Build configuration list for PBXNativeTarget "twitterClientTests" */ = {
			isa = XCConfigurationList;
			buildConfigurations = (
				17BA3F4A1959FA9A00C6B8C7 /* Debug */,
				17BA3F4B1959FA9A00C6B8C7 /* Release */,
			);
			defaultConfigurationIsVisible = 0;
		};
/* End XCConfigurationList section */
	};
	rootObject = 17BA3F121959FA9900C6B8C7 /* Project object */;
}
